
Microsoft Visual Studio Solution File, Format Version 12.00
# Visual Studio Version 17
VisualStudioVersion = 17.6.33829.357
MinimumVisualStudioVersion = 10.0.40219.1
Project("{FAE04EC0-301F-11D3-BF4B-00C04F79EFBC}") = "Less_5_Itog_New", "Less_5_Itog_New\Less_5_Itog_New.csproj", "{50CF79E1-6FB5-401D-B18D-53E4E2805EFB}"
EndProject
Global
	GlobalSection(SolutionConfigurationPlatforms) = preSolution
		Debug|Any CPU = Debug|Any CPU
		Release|Any CPU = Release|Any CPU
	EndGlobalSection
	GlobalSection(ProjectConfigurationPlatforms) = postSolution
		{50CF79E1-6FB5-401D-B18D-53E4E2805EFB}.Debug|Any CPU.ActiveCfg = Debug|Any CPU
		{50CF79E1-6FB5-401D-B18D-53E4E2805EFB}.Debug|Any CPU.Build.0 = Debug|Any CPU
		{50CF79E1-6FB5-401D-B18D-53E4E2805EFB}.Release|Any CPU.ActiveCfg = Release|Any CPU
		{50CF79E1-6FB5-401D-B18D-53E4E2805EFB}.Release|Any CPU.Build.0 = Release|Any CPU
	EndGlobalSection
	GlobalSection(SolutionProperties) = preSolution
		HideSolutionNode = FALSE
	EndGlobalSection
	GlobalSection(ExtensibilityGlobals) = postSolution
		SolutionGuid = {8E86EE60-0CC6-41A3-9BF7-39BAE3494A0D}
	EndGlobalSection
EndGlobal
